<Solution>
  <Configurations>
    <Platform Name="Any CPU" />
    <Platform Name="x64" />
    <Platform Name="x86" />
  </Configurations>
  <Folder Name="/src/">
    <Project Path="src/EPAM.Dial.Aspire.Hosting/Nall.EPAM.Dial.Aspire.Hosting.csproj" />
    <Project Path="src/EPAM.Dial.Aspire/Nall.EPAM.Dial.Aspire.csproj" />
  </Folder>
</Solution>
